{
    "_meta": {
        "hash": {
            "sha256": "af56c77772daac5845415e83e4a5f722a4c5a39dc0dfd4d0b806b8c5b932a1ae"
        },
        "pipfile-spec": 6,
        "requires": {
            "python_version": "3.7"
        },
        "sources": [
            {
                "name": "pypi",
                "url": "https://pypi.org/simple",
                "verify_ssl": true
            }
        ]
    },
    "default": {
        "backcall": {
            "hashes": [
                "sha256:5cbdbf27be5e7cfadb448baf0aa95508f91f2bbc6c6437cd9cd06e2a4c215e1e",
                "sha256:fbbce6a29f263178a1f7915c1940bde0ec2b2a967566fe1c65c1dfb7422bd255"
            ],
            "version": "==0.2.0"
        },
        "cython": {
            "hashes": [
                "sha256:07efba7b32c082c519b75e3b03821c2f32848e2b3e9986c784bbd8ffaf0666d7",
                "sha256:08db41daf18fabf7b7a85e39aa26954f6246994540043194af026c0df65a4942",
                "sha256:19bbe3caf885a1d2e2c30eacc10d1e45dbbefb156493fe1d5d1adc1668cc1269",
                "sha256:1c574f2f2ba760b82b2bcf6262e77e75589247dc5ef796a3ff1b2213e50ee452",
                "sha256:1dfe672c686e34598bdbaa93c3b30acb3720ae9258232a4f68ba04ee9969063d",
                "sha256:283faea84e6c4e54c3f5c8ff89aa2b6c1c3a813aad4f6d48ed3b9cc9043ef9f9",
                "sha256:2a145888d0942e7c36e86a7b7c7e2923cb9f7055805a3b72dcb137e3efdb0979",
                "sha256:3f75065936e16569d6e13dfd76de988f5eabeae460aa54770c9b961ab6f747fc",
                "sha256:4d78124f5f281f1d5d5b7919cbbc65a7073ff93562def81ee78a8307e6e72494",
                "sha256:5ba4d088b8e5d59b8a5911ca9c72952acf3c83296b57daf75af92fb2af1e8423",
                "sha256:6b19daeda1d5d1dfc973b291246f6a63a663b20c33980724d6d073c562719536",
                "sha256:790c7dc80fd1c3e38acefe06027e2f5a8466c128c7e47c6e140fd5316132574d",
                "sha256:7f8c4e648881454ba3ba0bcf3b21a9e1878a67d20ea2b8d9ec1c4c628592ab6b",
                "sha256:8bcd3f597290f9902548d6355898d7e376e7f3762f89db9cd50b2b58429df9e8",
                "sha256:8ffb18f71972a5c718a8600d9f52e3507f0d6fb72a978e03270d34a7035c98fb",
                "sha256:92f025df1cb391e09f65775598c7dfb7efad72d74713775db54e267f62ca94a1",
                "sha256:93cf1c72472a2fd0ef4c52f6074dab08fc28d475b9c824ba73a52701f7a48ae1",
                "sha256:9a7fa692cdc967fdbf6a053c1975137d01f6935dede2ef222c71840b290caf79",
                "sha256:a68eb0c1375f2401de881692b30370a51e550052b8e346b2f71bbdbdc74a214f",
                "sha256:ac3b7a12ddd52ea910ee3a041e6bc65df7a52f0ba7bd10fb7123502af482c152",
                "sha256:b402b700edaf571a0bae18ec35d5b71c266873a6616412b672435c10b6d8f041",
                "sha256:c29d069a4a30f472482343c866f7486731ad638ef9af92bfe5fca9c7323d638e",
                "sha256:d822311498f185db449b687336b4e5db7638c8d8b03bdf10ae91d74e23c7cc0c",
                "sha256:dccc8df9e1ac158b06777bbaaeb4516f245f9b147701ae25e6023960e4a0c2a3",
                "sha256:e31f4b946c2765b2f35440fdb4b00c496dfc5babc53c7ae61966b41171d1d59f",
                "sha256:eb43f9e582cc221ee2832e25ea6fe5c06f2acc9da6353c562e922f107db12af8",
                "sha256:f07822248110fd6213db8bc2745fdbbccef6f2b3d18ac91a7fba29c6bc575da5",
                "sha256:ff69854f123b959d4ae14bd5330714bb9ee4360052992dc0fbd0a3dee4261f95"
            ],
            "index": "pypi",
            "version": "==0.29.13"
        },
        "decorator": {
            "hashes": [
                "sha256:637996211036b6385ef91435e4fae22989472f9d571faba8927ba8253acbc330",
                "sha256:b8c3f85900b9dc423225913c5aace94729fe1fa9763b38939a95226f02d37186"
            ],
            "markers": "python_version >= '3.5'",
            "version": "==5.1.1"
        },
        "ipython": {
            "hashes": [
                "sha256:1d3a1692921e932751bc1a1f7bb96dc38671eeefdc66ed33ee4cbc57e92a410e",
                "sha256:537cd0176ff6abd06ef3e23f2d0c4c2c8a4d9277b7451544c6cbf56d1c79a83d"
            ],
            "index": "pypi",
            "version": "==7.7.0"
        },
        "jedi": {
            "hashes": [
                "sha256:203c1fd9d969ab8f2119ec0a3342e0b49910045abe6af0a3ae83a5764d54639e",
                "sha256:bae794c30d07f6d910d32a7048af09b5a39ed740918da923c6b780790ebac612"
            ],
            "markers": "python_version >= '3.6'",
            "version": "==0.18.2"
        },
        "keyboard": {
            "hashes": [
                "sha256:0fa2f6d5aa793270d97952d256fbd984091bdccd63a7e10127bd1a04e3f2ee71",
                "sha256:18b53344408df1973c452549f47a203f20a0e65fbbd4436c72562759fa03c0b8",
                "sha256:d900fefc9c8dfc0c5d92bea6d6190a2ed9beea1bdbc0e16ce12a235bf5ef6281"
            ],
            "index": "pypi",
            "version": "==0.13.3"
        },
        "mido": {
            "hashes": [
                "sha256:c4a7d5528fefa3d3dcaa2056d4bc873e2c96a395658d15af5a89c8c3fa7c7acc",
                "sha256:fc6364efa028c8405166f63e6a83cbc6c17aaeac2c28680abe64ae48703a89dd"
            ],
            "index": "pypi",
            "version": "==1.2.9"
        },
        "parso": {
            "hashes": [
                "sha256:8c07be290bb59f03588915921e29e8a50002acaf2cdc5fa0e0114f91709fafa0",
                "sha256:c001d4636cd3aecdaf33cbb40aebb59b094be2a74c556778ef5576c175e19e75"
            ],
            "markers": "python_version >= '3.6'",
            "version": "==0.8.3"
        },
        "pexpect": {
            "hashes": [
                "sha256:0b48a55dcb3c05f3329815901ea4fc1537514d6ba867a152b581d69ae3710937",
                "sha256:fc65a43959d153d0114afe13997d439c22823a27cefceb5ff35c2178c6784c0c"
            ],
            "markers": "sys_platform != 'win32'",
            "version": "==4.8.0"
        },
        "pickleshare": {
            "hashes": [
                "sha256:87683d47965c1da65cdacaf31c8441d12b8044cdec9aca500cd78fc2c683afca",
                "sha256:9649af414d74d4df115d5d718f82acb59c9d418196b7b4290ed47a12ce62df56"
            ],
            "version": "==0.7.5"
        },
        "prompt-toolkit": {
            "hashes": [
                "sha256:46642344ce457641f28fc9d1c9ca939b63dadf8df128b86f1b9860e59c73a5e4",
                "sha256:e7f8af9e3d70f514373bf41aa51bc33af12a6db3f71461ea47fea985defb2c31",
                "sha256:f15af68f66e664eaa559d4ac8a928111eebd5feda0c11738b5998045224829db"
            ],
            "version": "==2.0.10"
        },
        "ptyprocess": {
            "hashes": [
                "sha256:4b41f3967fce3af57cc7e94b888626c18bf37a083e3651ca8feeb66d492fef35",
                "sha256:5c5d0a3b48ceee0b48485e0c26037c0acd7d29765ca3fbb5cb3831d347423220"
            ],
            "version": "==0.7.0"
        },
        "pygments": {
            "hashes": [
                "sha256:77a3299119af881904cd5ecd1ac6a66214b6e9bed1f2db16993b54adede64094",
                "sha256:f7e36cffc4c517fbc252861b9a6e4644ca0e5abadf9a113c72d1358ad09b9500"
            ],
            "index": "pypi",
            "version": "==2.15.0"
        },
        "python-rtmidi": {
            "hashes": [
                "sha256:171eaa08fe9b7efefbf1ff9edd9f4ace4c588e6771bf33f75f301d071ba72b20",
                "sha256:178fbd5b648c7df2290567090c74eb721d5c547b9261a3509c228bb4be2ada24",
                "sha256:4390763bdfc27e3b6e5cd3ba8a44d3a7b5ff5af37f4e06124939548ad93fe5f1",
                "sha256:61e9d1c1f1202a1577f06644948af985427030984ff956970a22b50f080d4c2d",
                "sha256:7de81e8c807fbc8c2af3890a970ebe38994c031a15b0b8ef64e622bdec1116a9",
                "sha256:a5aaba71160f43223bd2e9ffcc99951b682d6fd50370916ccb55354625a81cd7",
                "sha256:cbd7f4ca4a950776ee1b9aee66a9d03cbc1f8576135699373d2c5d690970a80f",
                "sha256:cf4fce7eb13bf5e276c7357bd5db31decdee7f5e5746848b3aa56f3f325dfdcc",
                "sha256:db2031d4ec4429fae3dffaadb0d2bf46e764b009581fc27ef1c94224e95a3ed5",
                "sha256:de3b919715d3e86ff4fdf3077934a6932611cc28f40bd89ea97e44c387e61dbb",
                "sha256:f108d55feebcdf537ab435557e29bc0c77f685daddc7b665223222e4914ef9d1",
                "sha256:f32074ae6fefe43ab37c5ab8a52a1b2133ab488a43c6dfe256de1dd693d5bf7c"
            ],
            "index": "pypi",
            "version": "==1.3.0"
        },
        "setuptools": {
            "hashes": [
                "sha256:11e52c67415a381d10d6b462ced9cfb97066179f0e871399e006c4ab101fc85f",
                "sha256:baf1fdb41c6da4cd2eae722e135500da913332ab3f2f5c7d33af9b492acb5235"
            ],
            "markers": "python_version >= '3.7'",
            "version": "==68.0.0"
        },
        "six": {
            "hashes": [
                "sha256:1e61c37477a1626458e36f7b1d82aa5c9b094fa4802892072e49de9c60c4c926",
                "sha256:8abb2f1d86890a2dfb989f9a77cfcfd3e47c2a354b01111771326f8aa26e0254"
            ],
            "markers": "python_version >= '2.7' and python_version not in '3.0, 3.1, 3.2, 3.3'",
            "version": "==1.16.0"
        },
        "traitlets": {
            "hashes": [
                "sha256:9e6ec080259b9a5940c797d58b613b5e31441c2257b87c2e795c5228ae80d2d8",
                "sha256:f6cde21a9c68cf756af02035f72d5a723bf607e862e7be33ece505abf4a3bad9"
            ],
            "markers": "python_version >= '3.7'",
            "version": "==5.9.0"
        },
        "wcwidth": {
            "hashes": [
                "sha256:795b138f6875577cd91bba52baf9e445cd5118fd32723b460e30a0af30ea230e",
                "sha256:a5220780a404dbe3353789870978e472cfe477761f06ee55077256e509b156d0"
            ],
            "version": "==0.2.6"
        }
    },
    "develop": {
        "appdirs": {
            "hashes": [
                "sha256:7d5d0167b2b1ba821647616af46a749d1c653740dd0d2415100fe26e27afdf41",
                "sha256:a841dacd6b99318a741b166adb07e19ee71a274450e68237b4650ca1055ab128"
            ],
            "version": "==1.4.4"
        },
        "atomicwrites": {
            "hashes": [
                "sha256:81b2c9071a49367a7f770170e5eec8cb66567cfbbc8c73d20ce5ca4a8d71cf11"
            ],
            "version": "==1.4.1"
        },
        "attrs": {
            "hashes": [
                "sha256:1f28b4522cdc2fb4256ac1a020c78acf9cba2c6b461ccd2c126f3aa8e8335d04",
                "sha256:6279836d581513a26f1bf235f9acd333bc9115683f14f7e8fae46c98fc50e015"
            ],
            "markers": "python_version >= '3.7'",
            "version": "==23.1.0"
        },
        "black": {
            "hashes": [
                "sha256:09a9dcb7c46ed496a9850b76e4e825d6049ecd38b611f1224857a79bd985a8cf",
                "sha256:68950ffd4d9169716bcb8719a56c07a2f4485354fec061cdd5910aa07369731c"
            ],
            "index": "pypi",
            "version": "==19.3b0"
        },
        "click": {
            "hashes": [
                "sha256:48ee849951919527a045bfe3bf7baa8a959c423134e1a5b98c05c20ba75a1cbd",
                "sha256:fa244bb30b3b5ee2cae3da8f55c9e5e0c0e86093306301fb418eb9dc40fbded5"
            ],
            "markers": "python_version >= '3.7'",
            "version": "==8.1.6"
        },
        "importlib-metadata": {
            "hashes": [
                "sha256:1aaf550d4f73e5d6783e7acb77aec43d49da8017410afae93822cc9cca98c4d4",
                "sha256:cb52082e659e97afc5dac71e79de97d8681de3aa07ff18578330904a9d18e5b5"
            ],
            "markers": "python_version >= '3.7'",
            "version": "==6.7.0"
        },
        "more-itertools": {
            "hashes": [
                "sha256:cabaa341ad0389ea83c17a94566a53ae4c9d07349861ecb14dc6d0345cf9ac5d",
                "sha256:d2bc7f02446e86a68911e58ded76d6561eea00cddfb2a91e7019bbb586c799f3"
            ],
            "markers": "python_version >= '3.7'",
            "version": "==9.1.0"
        },
        "packaging": {
            "hashes": [
                "sha256:994793af429502c4ea2ebf6bf664629d07c1a9fe974af92966e4b8d2df7edc61",
                "sha256:a392980d2b6cffa644431898be54b0045151319d1e7ec34f0cfed48767dd334f"
            ],
            "markers": "python_version >= '3.7'",
            "version": "==23.1"
        },
        "pep8": {
            "hashes": [
                "sha256:b22cfae5db09833bb9bd7c8463b53e1a9c9b39f12e304a8d0bba729c501827ee",
                "sha256:fe249b52e20498e59e0b5c5256aa52ee99fc295b26ec9eaa85776ffdb9fe6374"
            ],
            "index": "pypi",
            "version": "==1.7.1"
        },
        "pluggy": {
            "hashes": [
                "sha256:15b2acde666561e1298d71b523007ed7364de07029219b604cf808bfa1c765b0",
                "sha256:966c145cd83c96502c3c3868f50408687b38434af77734af1e9ca461a4081d2d"
            ],
            "markers": "python_version >= '2.7' and python_version not in '3.0, 3.1, 3.2, 3.3'",
            "version": "==0.13.1"
        },
        "py": {
            "hashes": [
                "sha256:51c75c4126074b472f746a24399ad32f6053d1b34b68d2fa41e558e6f4a98719",
                "sha256:607c53218732647dff4acdfcd50cb62615cedf612e72d1724fb1a0cc6405b378"
            ],
            "markers": "python_version >= '2.7' and python_version not in '3.0, 3.1, 3.2, 3.3, 3.4'",
            "version": "==1.11.0"
        },
        "pytest": {
            "hashes": [
                "sha256:6ef6d06de77ce2961156013e9dff62f1b2688aa04d0dc244299fe7d67e09370d",
                "sha256:a736fed91c12681a7b34617c8fcefe39ea04599ca72c608751c31d89579a3f77"
            ],
            "index": "pypi",
            "version": "==5.0.1"
        },
        "toml": {
            "hashes": [
                "sha256:806143ae5bfb6a3c6e736a764057db0e6a0e05e338b5630894a5f779cabb4f9b",
                "sha256:b3bda1d108d5dd99f4a20d24d9c348e91c4db7ab1b749200bded2f839ccbe68f"
            ],
            "markers": "python_version >= '2.6' and python_version not in '3.0, 3.1, 3.2, 3.3'",
            "version": "==0.10.2"
        },
        "typing-extensions": {
            "hashes": [
                "sha256:440d5dd3af93b060174bf433bccd69b0babc3b15b1a8dca43789fd7f61514b36",
                "sha256:b75ddc264f0ba5615db7ba217daeb99701ad295353c45f9e95963337ceeeffb2"
            ],
            "markers": "python_version < '3.8'",
            "version": "==4.7.1"
        },
        "wcwidth": {
            "hashes": [
                "sha256:795b138f6875577cd91bba52baf9e445cd5118fd32723b460e30a0af30ea230e",
                "sha256:a5220780a404dbe3353789870978e472cfe477761f06ee55077256e509b156d0"
            ],
            "version": "==0.2.6"
        },
        "zipp": {
            "hashes": [
                "sha256:112929ad649da941c23de50f356a2b5570c954b65150642bccdd66bf194d224b",
                "sha256:48904fc76a60e542af151aded95726c1a5c34ed43ab4134b597665c86d7ad556"
            ],
            "markers": "python_version >= '3.7'",
            "version": "==3.15.0"
        }
    }
}
